
Microsoft Visual Studio Solution File, Format Version 12.00
# Visual Studio 15
VisualStudioVersion = 15.0.27703.2026
MinimumVisualStudioVersion = 10.0.40219.1
Project("{888888A0-9F3D-457C-B088-3A5042F75D52}") = "Assignment4", "Assignment4\Assignment4.pyproj", "{5B99A27C-AB1E-4A84-B94E-9C092AE8714B}"
EndProject
Global
	GlobalSection(SolutionConfigurationPlatforms) = preSolution
		Debug|Any CPU = Debug|Any CPU
		Release|Any CPU = Release|Any CPU
	EndGlobalSection
	GlobalSection(ProjectConfigurationPlatforms) = postSolution
		{5B99A27C-AB1E-4A84-B94E-9C092AE8714B}.Debug|Any CPU.ActiveCfg = Debug|Any CPU
		{5B99A27C-AB1E-4A84-B94E-9C092AE8714B}.Release|Any CPU.ActiveCfg = Release|Any CPU
	EndGlobalSection
	GlobalSection(SolutionProperties) = preSolution
		HideSolutionNode = FALSE
	EndGlobalSection
	GlobalSection(ExtensibilityGlobals) = postSolution
		SolutionGuid = {4A9F4D96-D205-47CF-9A05-9EB9CC3C1054}
	EndGlobalSection
EndGlobal
